// !$*UTF8*$!
{
	archiveVersion = 1;
	classes = {
	};
	objectVersion = 46;
	objects = {

/* Begin PBXBuildFile section */
		352D6CF21778D91400316232 /* CoreData.framework in Frameworks */ = {isa = PBXBuildFile; fileRef = 352D6CF11778D91400316232 /* CoreData.framework */; };
		35499A0717A7042B00400B44 /* GameRecord.xcdatamodeld in Sources */ = {isa = PBXBuildFile; fileRef = 35499A0517A7042B00400B44 /* GameRecord.xcdatamodeld */; };
		35499A6017A7066400400B44 /* GameRecord.m in Sources */ = {isa = PBXBuildFile; fileRef = 35499A5F17A7066400400B44 /* GameRecord.m */; };
		35499ACE17A8103200400B44 /* MagicalImportFunctions.m in Sources */ = {isa = PBXBuildFile; fileRef = 35499A9617A8103200400B44 /* MagicalImportFunctions.m */; };
		35499ACF17A8103200400B44 /* NSAttributeDescription+MagicalDataImport.m in Sources */ = {isa = PBXBuildFile; fileRef = 35499A9817A8103200400B44 /* NSAttributeDescription+MagicalDataImport.m */; };
		35499AD017A8103200400B44 /* NSEntityDescription+MagicalDataImport.m in Sources */ = {isa = PBXBuildFile; fileRef = 35499A9A17A8103200400B44 /* NSEntityDescription+MagicalDataImport.m */; };
		35499AD117A8103200400B44 /* NSNumber+MagicalDataImport.m in Sources */ = {isa = PBXBuildFile; fileRef = 35499A9C17A8103200400B44 /* NSNumber+MagicalDataImport.m */; };
		35499AD217A8103200400B44 /* NSObject+MagicalDataImport.m in Sources */ = {isa = PBXBuildFile; fileRef = 35499A9E17A8103200400B44 /* NSObject+MagicalDataImport.m */; };
		35499AD317A8103200400B44 /* NSRelationshipDescription+MagicalDataImport.m in Sources */ = {isa = PBXBuildFile; fileRef = 35499AA017A8103200400B44 /* NSRelationshipDescription+MagicalDataImport.m */; };
		35499AD417A8103200400B44 /* NSString+MagicalDataImport.m in Sources */ = {isa = PBXBuildFile; fileRef = 35499AA217A8103200400B44 /* NSString+MagicalDataImport.m */; };
		35499AD517A8103200400B44 /* NSManagedObject+MagicalAggregation.m in Sources */ = {isa = PBXBuildFile; fileRef = 35499AA517A8103200400B44 /* NSManagedObject+MagicalAggregation.m */; };
		35499AD617A8103200400B44 /* NSManagedObject+MagicalDataImport.m in Sources */ = {isa = PBXBuildFile; fileRef = 35499AA717A8103200400B44 /* NSManagedObject+MagicalDataImport.m */; };
		35499AD717A8103200400B44 /* NSManagedObject+MagicalFinders.m in Sources */ = {isa = PBXBuildFile; fileRef = 35499AA917A8103200400B44 /* NSManagedObject+MagicalFinders.m */; };
		35499AD817A8103200400B44 /* NSManagedObject+MagicalRecord.m in Sources */ = {isa = PBXBuildFile; fileRef = 35499AAB17A8103200400B44 /* NSManagedObject+MagicalRecord.m */; };
		35499AD917A8103200400B44 /* NSManagedObject+MagicalRequests.m in Sources */ = {isa = PBXBuildFile; fileRef = 35499AAD17A8103200400B44 /* NSManagedObject+MagicalRequests.m */; };
		35499ADA17A8103200400B44 /* NSManagedObjectContext+MagicalObserving.m in Sources */ = {isa = PBXBuildFile; fileRef = 35499AB017A8103200400B44 /* NSManagedObjectContext+MagicalObserving.m */; };
		35499ADB17A8103200400B44 /* NSManagedObjectContext+MagicalRecord.m in Sources */ = {isa = PBXBuildFile; fileRef = 35499AB217A8103200400B44 /* NSManagedObjectContext+MagicalRecord.m */; };
		35499ADC17A8103200400B44 /* NSManagedObjectContext+MagicalSaves.m in Sources */ = {isa = PBXBuildFile; fileRef = 35499AB417A8103200400B44 /* NSManagedObjectContext+MagicalSaves.m */; };
		35499ADD17A8103200400B44 /* NSManagedObjectContext+MagicalThreading.m in Sources */ = {isa = PBXBuildFile; fileRef = 35499AB617A8103200400B44 /* NSManagedObjectContext+MagicalThreading.m */; };
		35499ADE17A8103200400B44 /* NSManagedObjectModel+MagicalRecord.m in Sources */ = {isa = PBXBuildFile; fileRef = 35499AB817A8103200400B44 /* NSManagedObjectModel+MagicalRecord.m */; };
		35499ADF17A8103200400B44 /* NSPersistentStore+MagicalRecord.m in Sources */ = {isa = PBXBuildFile; fileRef = 35499ABA17A8103200400B44 /* NSPersistentStore+MagicalRecord.m */; };
		35499AE017A8103200400B44 /* NSPersistentStoreCoordinator+MagicalRecord.m in Sources */ = {isa = PBXBuildFile; fileRef = 35499ABC17A8103200400B44 /* NSPersistentStoreCoordinator+MagicalRecord.m */; };
		35499AE117A8103200400B44 /* MagicalRecord+Actions.m in Sources */ = {isa = PBXBuildFile; fileRef = 35499ABF17A8103200400B44 /* MagicalRecord+Actions.m */; };
		35499AE217A8103200400B44 /* MagicalRecord+ErrorHandling.m in Sources */ = {isa = PBXBuildFile; fileRef = 35499AC117A8103200400B44 /* MagicalRecord+ErrorHandling.m */; };
		35499AE317A8103200400B44 /* MagicalRecord+iCloud.m in Sources */ = {isa = PBXBuildFile; fileRef = 35499AC317A8103200400B44 /* MagicalRecord+iCloud.m */; };
		35499AE417A8103200400B44 /* MagicalRecord+Options.m in Sources */ = {isa = PBXBuildFile; fileRef = 35499AC517A8103200400B44 /* MagicalRecord+Options.m */; };
		35499AE517A8103200400B44 /* MagicalRecord+Setup.m in Sources */ = {isa = PBXBuildFile; fileRef = 35499AC717A8103200400B44 /* MagicalRecord+Setup.m */; };
		35499AE617A8103200400B44 /* MagicalRecord+ShorthandSupport.m in Sources */ = {isa = PBXBuildFile; fileRef = 35499AC917A8103200400B44 /* MagicalRecord+ShorthandSupport.m */; };
		35499AE717A8103200400B44 /* MagicalRecord.m in Sources */ = {isa = PBXBuildFile; fileRef = 35499ACB17A8103200400B44 /* MagicalRecord.m */; };
		35758E04171CACF500C35531 /* Icon@2x.png in Resources */ = {isa = PBXBuildFile; fileRef = 35758E00171CACF500C35531 /* Icon@2x.png */; };
		35758E05171CACF500C35531 /* Icon.png in Resources */ = {isa = PBXBuildFile; fileRef = 35758E01171CACF500C35531 /* Icon.png */; };
		35758E06171CACF500C35531 /* Icon-72@2x.png in Resources */ = {isa = PBXBuildFile; fileRef = 35758E02171CACF500C35531 /* Icon-72@2x.png */; };
		35758E07171CACF500C35531 /* Icon-72.png in Resources */ = {isa = PBXBuildFile; fileRef = 35758E03171CACF500C35531 /* Icon-72.png */; };
		35A65D6C171E2B9000A0A950 /* KGModal.m in Sources */ = {isa = PBXBuildFile; fileRef = 35A65D6A171E2B9000A0A950 /* KGModal.m */; };
		35C8733816F7EE6600A828B9 /* QuartzCore.framework in Frameworks */ = {isa = PBXBuildFile; fileRef = 35C8733716F7EE6600A828B9 /* QuartzCore.framework */; };
		35C8733B16F8197700A828B9 /* Goban.m in Sources */ = {isa = PBXBuildFile; fileRef = 35C8733A16F8197700A828B9 /* Goban.m */; };
		35C8733E16F8218900A828B9 /* Stone.m in Sources */ = {isa = PBXBuildFile; fileRef = 35C8733D16F8218800A828B9 /* Stone.m */; };
		35CCC7A816F6A3500012D577 /* UIKit.framework in Frameworks */ = {isa = PBXBuildFile; fileRef = 35CCC7A716F6A3500012D577 /* UIKit.framework */; };
		35CCC7AA16F6A3500012D577 /* Foundation.framework in Frameworks */ = {isa = PBXBuildFile; fileRef = 35CCC7A916F6A3500012D577 /* Foundation.framework */; };
		35CCC7AC16F6A3500012D577 /* CoreGraphics.framework in Frameworks */ = {isa = PBXBuildFile; fileRef = 35CCC7AB16F6A3500012D577 /* CoreGraphics.framework */; };
		35CCC7B216F6A3500012D577 /* InfoPlist.strings in Resources */ = {isa = PBXBuildFile; fileRef = 35CCC7B016F6A3500012D577 /* InfoPlist.strings */; };
		35CCC7B416F6A3500012D577 /* main.m in Sources */ = {isa = PBXBuildFile; fileRef = 35CCC7B316F6A3500012D577 /* main.m */; };
		35CCC7B816F6A3500012D577 /* AppDelegate.m in Sources */ = {isa = PBXBuildFile; fileRef = 35CCC7B716F6A3500012D577 /* AppDelegate.m */; };
		35CCC7BA16F6A3500012D577 /* Default.png in Resources */ = {isa = PBXBuildFile; fileRef = 35CCC7B916F6A3500012D577 /* Default.png */; };
		35CCC7BC16F6A3500012D577 /* Default@2x.png in Resources */ = {isa = PBXBuildFile; fileRef = 35CCC7BB16F6A3500012D577 /* Default@2x.png */; };
		35CCC7BE16F6A3500012D577 /* Default-568h@2x.png in Resources */ = {isa = PBXBuildFile; fileRef = 35CCC7BD16F6A3500012D577 /* Default-568h@2x.png */; };
		35CCC7C116F6A3500012D577 /* MainStoryboard.storyboard in Resources */ = {isa = PBXBuildFile; fileRef = 35CCC7BF16F6A3500012D577 /* MainStoryboard.storyboard */; };
		35CCC7C416F6A3500012D577 /* GobanViewController.m in Sources */ = {isa = PBXBuildFile; fileRef = 35CCC7C316F6A3500012D577 /* GobanViewController.m */; };
		35E34D181716A0340073B258 /* blackStone.png in Resources */ = {isa = PBXBuildFile; fileRef = 35E34D171716A0340073B258 /* blackStone.png */; };
		35E34D1A1716A0410073B258 /* whiteStone.png in Resources */ = {isa = PBXBuildFile; fileRef = 35E34D191716A0410073B258 /* whiteStone.png */; };
		35E34D1D171774400073B258 /* MainMenuViewController.m in Sources */ = {isa = PBXBuildFile; fileRef = 35E34D1C171774400073B258 /* MainMenuViewController.m */; };
		35E4640D16FA286A00EBA995 /* Goban.png in Resources */ = {isa = PBXBuildFile; fileRef = 35E4640C16FA286A00EBA995 /* Goban.png */; };
		39FF33E3171B780E00194084 /* iTunesArtwork.png in Resources */ = {isa = PBXBuildFile; fileRef = 39FF33E2171B780E00194084 /* iTunesArtwork.png */; };
/* End PBXBuildFile section */

/* Begin PBXFileReference section */
		352D6CF11778D91400316232 /* CoreData.framework */ = {isa = PBXFileReference; lastKnownFileType = wrapper.framework; name = CoreData.framework; path = System/Library/Frameworks/CoreData.framework; sourceTree = SDKROOT; };
		35499A0617A7042B00400B44 /* GameRecord.xcdatamodel */ = {isa = PBXFileReference; lastKnownFileType = wrapper.xcdatamodel; path = GameRecord.xcdatamodel; sourceTree = "<group>"; };
		35499A5E17A7066400400B44 /* GameRecord.h */ = {isa = PBXFileReference; fileEncoding = 4; lastKnownFileType = sourcecode.c.h; path = GameRecord.h; sourceTree = "<group>"; };
		35499A5F17A7066400400B44 /* GameRecord.m */ = {isa = PBXFileReference; fileEncoding = 4; lastKnownFileType = sourcecode.c.objc; path = GameRecord.m; sourceTree = "<group>"; };
		35499A9517A8103200400B44 /* MagicalImportFunctions.h */ = {isa = PBXFileReference; fileEncoding = 4; lastKnownFileType = sourcecode.c.h; path = MagicalImportFunctions.h; sourceTree = "<group>"; };
		35499A9617A8103200400B44 /* MagicalImportFunctions.m */ = {isa = PBXFileReference; fileEncoding = 4; lastKnownFileType = sourcecode.c.objc; path = MagicalImportFunctions.m; sourceTree = "<group>"; };
		35499A9717A8103200400B44 /* NSAttributeDescription+MagicalDataImport.h */ = {isa = PBXFileReference; fileEncoding = 4; lastKnownFileType = sourcecode.c.h; path = "NSAttributeDescription+MagicalDataImport.h"; sourceTree = "<group>"; };
		35499A9817A8103200400B44 /* NSAttributeDescription+MagicalDataImport.m */ = {isa = PBXFileReference; fileEncoding = 4; lastKnownFileType = sourcecode.c.objc; path = "NSAttributeDescription+MagicalDataImport.m"; sourceTree = "<group>"; };
		35499A9917A8103200400B44 /* NSEntityDescription+MagicalDataImport.h */ = {isa = PBXFileReference; fileEncoding = 4; lastKnownFileType = sourcecode.c.h; path = "NSEntityDescription+MagicalDataImport.h"; sourceTree = "<group>"; };
		35499A9A17A8103200400B44 /* NSEntityDescription+MagicalDataImport.m */ = {isa = PBXFileReference; fileEncoding = 4; lastKnownFileType = sourcecode.c.objc; path = "NSEntityDescription+MagicalDataImport.m"; sourceTree = "<group>"; };
		35499A9B17A8103200400B44 /* NSNumber+MagicalDataImport.h */ = {isa = PBXFileReference; fileEncoding = 4; lastKnownFileType = sourcecode.c.h; path = "NSNumber+MagicalDataImport.h"; sourceTree = "<group>"; };
		35499A9C17A8103200400B44 /* NSNumber+MagicalDataImport.m */ = {isa = PBXFileReference; fileEncoding = 4; lastKnownFileType = sourcecode.c.objc; path = "NSNumber+MagicalDataImport.m"; sourceTree = "<group>"; };
		35499A9D17A8103200400B44 /* NSObject+MagicalDataImport.h */ = {isa = PBXFileReference; fileEncoding = 4; lastKnownFileType = sourcecode.c.h; path = "NSObject+MagicalDataImport.h"; sourceTree = "<group>"; };
		35499A9E17A8103200400B44 /* NSObject+MagicalDataImport.m */ = {isa = PBXFileReference; fileEncoding = 4; lastKnownFileType = sourcecode.c.objc; path = "NSObject+MagicalDataImport.m"; sourceTree = "<group>"; };
		35499A9F17A8103200400B44 /* NSRelationshipDescription+MagicalDataImport.h */ = {isa = PBXFileReference; fileEncoding = 4; lastKnownFileType = sourcecode.c.h; path = "NSRelationshipDescription+MagicalDataImport.h"; sourceTree = "<group>"; };
		35499AA017A8103200400B44 /* NSRelationshipDescription+MagicalDataImport.m */ = {isa = PBXFileReference; fileEncoding = 4; lastKnownFileType = sourcecode.c.objc; path = "NSRelationshipDescription+MagicalDataImport.m"; sourceTree = "<group>"; };
		35499AA117A8103200400B44 /* NSString+MagicalDataImport.h */ = {isa = PBXFileReference; fileEncoding = 4; lastKnownFileType = sourcecode.c.h; path = "NSString+MagicalDataImport.h"; sourceTree = "<group>"; };
		35499AA217A8103200400B44 /* NSString+MagicalDataImport.m */ = {isa = PBXFileReference; fileEncoding = 4; lastKnownFileType = sourcecode.c.objc; path = "NSString+MagicalDataImport.m"; sourceTree = "<group>"; };
		35499AA417A8103200400B44 /* NSManagedObject+MagicalAggregation.h */ = {isa = PBXFileReference; fileEncoding = 4; lastKnownFileType = sourcecode.c.h; path = "NSManagedObject+MagicalAggregation.h"; sourceTree = "<group>"; };
		35499AA517A8103200400B44 /* NSManagedObject+MagicalAggregation.m */ = {isa = PBXFileReference; fileEncoding = 4; lastKnownFileType = sourcecode.c.objc; path = "NSManagedObject+MagicalAggregation.m"; sourceTree = "<group>"; };
		35499AA617A8103200400B44 /* NSManagedObject+MagicalDataImport.h */ = {isa = PBXFileReference; fileEncoding = 4; lastKnownFileType = sourcecode.c.h; path = "NSManagedObject+MagicalDataImport.h"; sourceTree = "<group>"; };
		35499AA717A8103200400B44 /* NSManagedObject+MagicalDataImport.m */ = {isa = PBXFileReference; fileEncoding = 4; lastKnownFileType = sourcecode.c.objc; path = "NSManagedObject+MagicalDataImport.m"; sourceTree = "<group>"; };
		35499AA817A8103200400B44 /* NSManagedObject+MagicalFinders.h */ = {isa = PBXFileReference; fileEncoding = 4; lastKnownFileType = sourcecode.c.h; path = "NSManagedObject+MagicalFinders.h"; sourceTree = "<group>"; };
		35499AA917A8103200400B44 /* NSManagedObject+MagicalFinders.m */ = {isa = PBXFileReference; fileEncoding = 4; lastKnownFileType = sourcecode.c.objc; path = "NSManagedObject+MagicalFinders.m"; sourceTree = "<group>"; };
		35499AAA17A8103200400B44 /* NSManagedObject+MagicalRecord.h */ = {isa = PBXFileReference; fileEncoding = 4; lastKnownFileType = sourcecode.c.h; path = "NSManagedObject+MagicalRecord.h"; sourceTree = "<group>"; };
		35499AAB17A8103200400B44 /* NSManagedObject+MagicalRecord.m */ = {isa = PBXFileReference; fileEncoding = 4; lastKnownFileType = sourcecode.c.objc; path = "NSManagedObject+MagicalRecord.m"; sourceTree = "<group>"; };
		35499AAC17A8103200400B44 /* NSManagedObject+MagicalRequests.h */ = {isa = PBXFileReference; fileEncoding = 4; lastKnownFileType = sourcecode.c.h; path = "NSManagedObject+MagicalRequests.h"; sourceTree = "<group>"; };
		35499AAD17A8103200400B44 /* NSManagedObject+MagicalRequests.m */ = {isa = PBXFileReference; fileEncoding = 4; lastKnownFileType = sourcecode.c.objc; path = "NSManagedObject+MagicalRequests.m"; sourceTree = "<group>"; };
		35499AAF17A8103200400B44 /* NSManagedObjectContext+MagicalObserving.h */ = {isa = PBXFileReference; fileEncoding = 4; lastKnownFileType = sourcecode.c.h; path = "NSManagedObjectContext+MagicalObserving.h"; sourceTree = "<group>"; };
		35499AB017A8103200400B44 /* NSManagedObjectContext+MagicalObserving.m */ = {isa = PBXFileReference; fileEncoding = 4; lastKnownFileType = sourcecode.c.objc; path = "NSManagedObjectContext+MagicalObserving.m"; sourceTree = "<group>"; };
		35499AB117A8103200400B44 /* NSManagedObjectContext+MagicalRecord.h */ = {isa = PBXFileReference; fileEncoding = 4; lastKnownFileType = sourcecode.c.h; path = "NSManagedObjectContext+MagicalRecord.h"; sourceTree = "<group>"; };
		35499AB217A8103200400B44 /* NSManagedObjectContext+MagicalRecord.m */ = {isa = PBXFileReference; fileEncoding = 4; lastKnownFileType = sourcecode.c.objc; path = "NSManagedObjectContext+MagicalRecord.m"; sourceTree = "<group>"; };
		35499AB317A8103200400B44 /* NSManagedObjectContext+MagicalSaves.h */ = {isa = PBXFileReference; fileEncoding = 4; lastKnownFileType = sourcecode.c.h; path = "NSManagedObjectContext+MagicalSaves.h"; sourceTree = "<group>"; };
		35499AB417A8103200400B44 /* NSManagedObjectContext+MagicalSaves.m */ = {isa = PBXFileReference; fileEncoding = 4; lastKnownFileType = sourcecode.c.objc; path = "NSManagedObjectContext+MagicalSaves.m"; sourceTree = "<group>"; };
		35499AB517A8103200400B44 /* NSManagedObjectContext+MagicalThreading.h */ = {isa = PBXFileReference; fileEncoding = 4; lastKnownFileType = sourcecode.c.h; path = "NSManagedObjectContext+MagicalThreading.h"; sourceTree = "<group>"; };
		35499AB617A8103200400B44 /* NSManagedObjectContext+MagicalThreading.m */ = {isa = PBXFileReference; fileEncoding = 4; lastKnownFileType = sourcecode.c.objc; path = "NSManagedObjectContext+MagicalThreading.m"; sourceTree = "<group>"; };
		35499AB717A8103200400B44 /* NSManagedObjectModel+MagicalRecord.h */ = {isa = PBXFileReference; fileEncoding = 4; lastKnownFileType = sourcecode.c.h; path = "NSManagedObjectModel+MagicalRecord.h"; sourceTree = "<group>"; };
		35499AB817A8103200400B44 /* NSManagedObjectModel+MagicalRecord.m */ = {isa = PBXFileReference; fileEncoding = 4; lastKnownFileType = sourcecode.c.objc; path = "NSManagedObjectModel+MagicalRecord.m"; sourceTree = "<group>"; };
		35499AB917A8103200400B44 /* NSPersistentStore+MagicalRecord.h */ = {isa = PBXFileReference; fileEncoding = 4; lastKnownFileType = sourcecode.c.h; path = "NSPersistentStore+MagicalRecord.h"; sourceTree = "<group>"; };
		35499ABA17A8103200400B44 /* NSPersistentStore+MagicalRecord.m */ = {isa = PBXFileReference; fileEncoding = 4; lastKnownFileType = sourcecode.c.objc; path = "NSPersistentStore+MagicalRecord.m"; sourceTree = "<group>"; };
		35499ABB17A8103200400B44 /* NSPersistentStoreCoordinator+MagicalRecord.h */ = {isa = PBXFileReference; fileEncoding = 4; lastKnownFileType = sourcecode.c.h; path = "NSPersistentStoreCoordinator+MagicalRecord.h"; sourceTree = "<group>"; };
		35499ABC17A8103200400B44 /* NSPersistentStoreCoordinator+MagicalRecord.m */ = {isa = PBXFileReference; fileEncoding = 4; lastKnownFileType = sourcecode.c.objc; path = "NSPersistentStoreCoordinator+MagicalRecord.m"; sourceTree = "<group>"; };
		35499ABE17A8103200400B44 /* MagicalRecord+Actions.h */ = {isa = PBXFileReference; fileEncoding = 4; lastKnownFileType = sourcecode.c.h; path = "MagicalRecord+Actions.h"; sourceTree = "<group>"; };
		35499ABF17A8103200400B44 /* MagicalRecord+Actions.m */ = {isa = PBXFileReference; fileEncoding = 4; lastKnownFileType = sourcecode.c.objc; path = "MagicalRecord+Actions.m"; sourceTree = "<group>"; };
		35499AC017A8103200400B44 /* MagicalRecord+ErrorHandling.h */ = {isa = PBXFileReference; fileEncoding = 4; lastKnownFileType = sourcecode.c.h; path = "MagicalRecord+ErrorHandling.h"; sourceTree = "<group>"; };
		35499AC117A8103200400B44 /* MagicalRecord+ErrorHandling.m */ = {isa = PBXFileReference; fileEncoding = 4; lastKnownFileType = sourcecode.c.objc; path = "MagicalRecord+ErrorHandling.m"; sourceTree = "<group>"; };
		35499AC217A8103200400B44 /* MagicalRecord+iCloud.h */ = {isa = PBXFileReference; fileEncoding = 4; lastKnownFileType = sourcecode.c.h; path = "MagicalRecord+iCloud.h"; sourceTree = "<group>"; };
		35499AC317A8103200400B44 /* MagicalRecord+iCloud.m */ = {isa = PBXFileReference; fileEncoding = 4; lastKnownFileType = sourcecode.c.objc; path = "MagicalRecord+iCloud.m"; sourceTree = "<group>"; };
		35499AC417A8103200400B44 /* MagicalRecord+Options.h */ = {isa = PBXFileReference; fileEncoding = 4; lastKnownFileType = sourcecode.c.h; path = "MagicalRecord+Options.h"; sourceTree = "<group>"; };
		35499AC517A8103200400B44 /* MagicalRecord+Options.m */ = {isa = PBXFileReference; fileEncoding = 4; lastKnownFileType = sourcecode.c.objc; path = "MagicalRecord+Options.m"; sourceTree = "<group>"; };
		35499AC617A8103200400B44 /* MagicalRecord+Setup.h */ = {isa = PBXFileReference; fileEncoding = 4; lastKnownFileType = sourcecode.c.h; path = "MagicalRecord+Setup.h"; sourceTree = "<group>"; };
		35499AC717A8103200400B44 /* MagicalRecord+Setup.m */ = {isa = PBXFileReference; fileEncoding = 4; lastKnownFileType = sourcecode.c.objc; path = "MagicalRecord+Setup.m"; sourceTree = "<group>"; };
		35499AC817A8103200400B44 /* MagicalRecord+ShorthandSupport.h */ = {isa = PBXFileReference; fileEncoding = 4; lastKnownFileType = sourcecode.c.h; path = "MagicalRecord+ShorthandSupport.h"; sourceTree = "<group>"; };
		35499AC917A8103200400B44 /* MagicalRecord+ShorthandSupport.m */ = {isa = PBXFileReference; fileEncoding = 4; lastKnownFileType = sourcecode.c.objc; path = "MagicalRecord+ShorthandSupport.m"; sourceTree = "<group>"; };
		35499ACA17A8103200400B44 /* MagicalRecord.h */ = {isa = PBXFileReference; fileEncoding = 4; lastKnownFileType = sourcecode.c.h; path = MagicalRecord.h; sourceTree = "<group>"; };
		35499ACB17A8103200400B44 /* MagicalRecord.m */ = {isa = PBXFileReference; fileEncoding = 4; lastKnownFileType = sourcecode.c.objc; path = MagicalRecord.m; sourceTree = "<group>"; };
		35499ACC17A8103200400B44 /* MagicalRecordShorthand.h */ = {isa = PBXFileReference; fileEncoding = 4; lastKnownFileType = sourcecode.c.h; path = MagicalRecordShorthand.h; sourceTree = "<group>"; };
		35499ACD17A8103200400B44 /* CoreData+MagicalRecord.h */ = {isa = PBXFileReference; fileEncoding = 4; lastKnownFileType = sourcecode.c.h; path = "CoreData+MagicalRecord.h"; sourceTree = "<group>"; };
		35758E00171CACF500C35531 /* Icon@2x.png */ = {isa = PBXFileReference; lastKnownFileType = image.png; path = "Icon@2x.png"; sourceTree = "<group>"; };
		35758E01171CACF500C35531 /* Icon.png */ = {isa = PBXFileReference; lastKnownFileType = image.png; path = Icon.png; sourceTree = "<group>"; };
		35758E02171CACF500C35531 /* Icon-72@2x.png */ = {isa = PBXFileReference; lastKnownFileType = image.png; path = "Icon-72@2x.png"; sourceTree = "<group>"; };
		35758E03171CACF500C35531 /* Icon-72.png */ = {isa = PBXFileReference; lastKnownFileType = image.png; path = "Icon-72.png"; sourceTree = "<group>"; };
		35A65D6A171E2B9000A0A950 /* KGModal.m */ = {isa = PBXFileReference; fileEncoding = 4; lastKnownFileType = sourcecode.c.objc; path = KGModal.m; sourceTree = "<group>"; };
		35A65D6B171E2B9000A0A950 /* KGModal.h */ = {isa = PBXFileReference; fileEncoding = 4; lastKnownFileType = sourcecode.c.h; path = KGModal.h; sourceTree = "<group>"; };
		35C8733716F7EE6600A828B9 /* QuartzCore.framework */ = {isa = PBXFileReference; lastKnownFileType = wrapper.framework; name = QuartzCore.framework; path = System/Library/Frameworks/QuartzCore.framework; sourceTree = SDKROOT; };
		35C8733916F8197700A828B9 /* Goban.h */ = {isa = PBXFileReference; fileEncoding = 4; lastKnownFileType = sourcecode.c.h; path = Goban.h; sourceTree = "<group>"; };
		35C8733A16F8197700A828B9 /* Goban.m */ = {isa = PBXFileReference; fileEncoding = 4; lastKnownFileType = sourcecode.c.objc; path = Goban.m; sourceTree = "<group>"; };
		35C8733C16F8218800A828B9 /* Stone.h */ = {isa = PBXFileReference; fileEncoding = 4; lastKnownFileType = sourcecode.c.h; path = Stone.h; sourceTree = "<group>"; };
		35C8733D16F8218800A828B9 /* Stone.m */ = {isa = PBXFileReference; fileEncoding = 4; lastKnownFileType = sourcecode.c.objc; path = Stone.m; sourceTree = "<group>"; };
		35CCC7A416F6A3500012D577 /* Goban.app */ = {isa = PBXFileReference; explicitFileType = wrapper.application; includeInIndex = 0; path = Goban.app; sourceTree = BUILT_PRODUCTS_DIR; };
		35CCC7A716F6A3500012D577 /* UIKit.framework */ = {isa = PBXFileReference; lastKnownFileType = wrapper.framework; name = UIKit.framework; path = System/Library/Frameworks/UIKit.framework; sourceTree = SDKROOT; };
		35CCC7A916F6A3500012D577 /* Foundation.framework */ = {isa = PBXFileReference; lastKnownFileType = wrapper.framework; name = Foundation.framework; path = System/Library/Frameworks/Foundation.framework; sourceTree = SDKROOT; };
		35CCC7AB16F6A3500012D577 /* CoreGraphics.framework */ = {isa = PBXFileReference; lastKnownFileType = wrapper.framework; name = CoreGraphics.framework; path = System/Library/Frameworks/CoreGraphics.framework; sourceTree = SDKROOT; };
		35CCC7AF16F6A3500012D577 /* Goban-Info.plist */ = {isa = PBXFileReference; lastKnownFileType = text.plist.xml; path = "Goban-Info.plist"; sourceTree = "<group>"; };
		35CCC7B116F6A3500012D577 /* en */ = {isa = PBXFileReference; lastKnownFileType = text.plist.strings; name = en; path = en.lproj/InfoPlist.strings; sourceTree = "<group>"; };
		35CCC7B316F6A3500012D577 /* main.m */ = {isa = PBXFileReference; lastKnownFileType = sourcecode.c.objc; path = main.m; sourceTree = "<group>"; };
		35CCC7B516F6A3500012D577 /* Goban-Prefix.pch */ = {isa = PBXFileReference; lastKnownFileType = sourcecode.c.h; path = "Goban-Prefix.pch"; sourceTree = "<group>"; };
		35CCC7B616F6A3500012D577 /* AppDelegate.h */ = {isa = PBXFileReference; lastKnownFileType = sourcecode.c.h; path = AppDelegate.h; sourceTree = "<group>"; };
		35CCC7B716F6A3500012D577 /* AppDelegate.m */ = {isa = PBXFileReference; lastKnownFileType = sourcecode.c.objc; path = AppDelegate.m; sourceTree = "<group>"; };
		35CCC7B916F6A3500012D577 /* Default.png */ = {isa = PBXFileReference; lastKnownFileType = image.png; path = Default.png; sourceTree = "<group>"; };
		35CCC7BB16F6A3500012D577 /* Default@2x.png */ = {isa = PBXFileReference; lastKnownFileType = image.png; path = "Default@2x.png"; sourceTree = "<group>"; };
		35CCC7BD16F6A3500012D577 /* Default-568h@2x.png */ = {isa = PBXFileReference; lastKnownFileType = image.png; path = "Default-568h@2x.png"; sourceTree = "<group>"; };
		35CCC7C016F6A3500012D577 /* en */ = {isa = PBXFileReference; lastKnownFileType = file.storyboard; name = en; path = en.lproj/MainStoryboard.storyboard; sourceTree = "<group>"; };
		35CCC7C216F6A3500012D577 /* GobanViewController.h */ = {isa = PBXFileReference; lastKnownFileType = sourcecode.c.h; path = GobanViewController.h; sourceTree = "<group>"; };
		35CCC7C316F6A3500012D577 /* GobanViewController.m */ = {isa = PBXFileReference; lastKnownFileType = sourcecode.c.objc; path = GobanViewController.m; sourceTree = "<group>"; };
		35E34D171716A0340073B258 /* blackStone.png */ = {isa = PBXFileReference; lastKnownFileType = image.png; path = blackStone.png; sourceTree = "<group>"; };
		35E34D191716A0410073B258 /* whiteStone.png */ = {isa = PBXFileReference; lastKnownFileType = image.png; path = whiteStone.png; sourceTree = "<group>"; };
		35E34D1B171774400073B258 /* MainMenuViewController.h */ = {isa = PBXFileReference; fileEncoding = 4; lastKnownFileType = sourcecode.c.h; path = MainMenuViewController.h; sourceTree = "<group>"; };
		35E34D1C171774400073B258 /* MainMenuViewController.m */ = {isa = PBXFileReference; fileEncoding = 4; lastKnownFileType = sourcecode.c.objc; path = MainMenuViewController.m; sourceTree = "<group>"; };
		35E4640C16FA286A00EBA995 /* Goban.png */ = {isa = PBXFileReference; lastKnownFileType = image.png; path = Goban.png; sourceTree = "<group>"; };
		39FF33E2171B780E00194084 /* iTunesArtwork.png */ = {isa = PBXFileReference; lastKnownFileType = image.png; path = iTunesArtwork.png; sourceTree = "<group>"; };
/* End PBXFileReference section */

/* Begin PBXFrameworksBuildPhase section */
		35CCC7A116F6A3500012D577 /* Frameworks */ = {
			isa = PBXFrameworksBuildPhase;
			buildActionMask = 2147483647;
			files = (
				352D6CF21778D91400316232 /* CoreData.framework in Frameworks */,
				35C8733816F7EE6600A828B9 /* QuartzCore.framework in Frameworks */,
				35CCC7A816F6A3500012D577 /* UIKit.framework in Frameworks */,
				35CCC7AA16F6A3500012D577 /* Foundation.framework in Frameworks */,
				35CCC7AC16F6A3500012D577 /* CoreGraphics.framework in Frameworks */,
			);
			runOnlyForDeploymentPostprocessing = 0;
		};
/* End PBXFrameworksBuildPhase section */

/* Begin PBXGroup section */
		35499A9217A8103200400B44 /* MagicalRecord */ = {
			isa = PBXGroup;
			children = (
				35499A9317A8103200400B44 /* Categories */,
				35499ABD17A8103200400B44 /* Core */,
				35499ACD17A8103200400B44 /* CoreData+MagicalRecord.h */,
			);
			path = MagicalRecord;
			sourceTree = "<group>";
		};
		35499A9317A8103200400B44 /* Categories */ = {
			isa = PBXGroup;
			children = (
				35499A9417A8103200400B44 /* DataImport */,
				35499AA317A8103200400B44 /* NSManagedObject */,
				35499AAE17A8103200400B44 /* NSManagedObjectContext */,
				35499AB717A8103200400B44 /* NSManagedObjectModel+MagicalRecord.h */,
				35499AB817A8103200400B44 /* NSManagedObjectModel+MagicalRecord.m */,
				35499AB917A8103200400B44 /* NSPersistentStore+MagicalRecord.h */,
				35499ABA17A8103200400B44 /* NSPersistentStore+MagicalRecord.m */,
				35499ABB17A8103200400B44 /* NSPersistentStoreCoordinator+MagicalRecord.h */,
				35499ABC17A8103200400B44 /* NSPersistentStoreCoordinator+MagicalRecord.m */,
			);
			path = Categories;
			sourceTree = "<group>";
		};
		35499A9417A8103200400B44 /* DataImport */ = {
			isa = PBXGroup;
			children = (
				35499A9517A8103200400B44 /* MagicalImportFunctions.h */,
				35499A9617A8103200400B44 /* MagicalImportFunctions.m */,
				35499A9717A8103200400B44 /* NSAttributeDescription+MagicalDataImport.h */,
				35499A9817A8103200400B44 /* NSAttributeDescription+MagicalDataImport.m */,
				35499A9917A8103200400B44 /* NSEntityDescription+MagicalDataImport.h */,
				35499A9A17A8103200400B44 /* NSEntityDescription+MagicalDataImport.m */,
				35499A9B17A8103200400B44 /* NSNumber+MagicalDataImport.h */,
				35499A9C17A8103200400B44 /* NSNumber+MagicalDataImport.m */,
				35499A9D17A8103200400B44 /* NSObject+MagicalDataImport.h */,
				35499A9E17A8103200400B44 /* NSObject+MagicalDataImport.m */,
				35499A9F17A8103200400B44 /* NSRelationshipDescription+MagicalDataImport.h */,
				35499AA017A8103200400B44 /* NSRelationshipDescription+MagicalDataImport.m */,
				35499AA117A8103200400B44 /* NSString+MagicalDataImport.h */,
				35499AA217A8103200400B44 /* NSString+MagicalDataImport.m */,
			);
			path = DataImport;
			sourceTree = "<group>";
		};
		35499AA317A8103200400B44 /* NSManagedObject */ = {
			isa = PBXGroup;
			children = (
				35499AA417A8103200400B44 /* NSManagedObject+MagicalAggregation.h */,
				35499AA517A8103200400B44 /* NSManagedObject+MagicalAggregation.m */,
				35499AA617A8103200400B44 /* NSManagedObject+MagicalDataImport.h */,
				35499AA717A8103200400B44 /* NSManagedObject+MagicalDataImport.m */,
				35499AA817A8103200400B44 /* NSManagedObject+MagicalFinders.h */,
				35499AA917A8103200400B44 /* NSManagedObject+MagicalFinders.m */,
				35499AAA17A8103200400B44 /* NSManagedObject+MagicalRecord.h */,
				35499AAB17A8103200400B44 /* NSManagedObject+MagicalRecord.m */,
				35499AAC17A8103200400B44 /* NSManagedObject+MagicalRequests.h */,
				35499AAD17A8103200400B44 /* NSManagedObject+MagicalRequests.m */,
			);
			path = NSManagedObject;
			sourceTree = "<group>";
		};
		35499AAE17A8103200400B44 /* NSManagedObjectContext */ = {
			isa = PBXGroup;
			children = (
				35499AAF17A8103200400B44 /* NSManagedObjectContext+MagicalObserving.h */,
				35499AB017A8103200400B44 /* NSManagedObjectContext+MagicalObserving.m */,
				35499AB117A8103200400B44 /* NSManagedObjectContext+MagicalRecord.h */,
				35499AB217A8103200400B44 /* NSManagedObjectContext+MagicalRecord.m */,
				35499AB317A8103200400B44 /* NSManagedObjectContext+MagicalSaves.h */,
				35499AB417A8103200400B44 /* NSManagedObjectContext+MagicalSaves.m */,
				35499AB517A8103200400B44 /* NSManagedObjectContext+MagicalThreading.h */,
				35499AB617A8103200400B44 /* NSManagedObjectContext+MagicalThreading.m */,
			);
			path = NSManagedObjectContext;
			sourceTree = "<group>";
		};
		35499ABD17A8103200400B44 /* Core */ = {
			isa = PBXGroup;
			children = (
				35499ABE17A8103200400B44 /* MagicalRecord+Actions.h */,
				35499ABF17A8103200400B44 /* MagicalRecord+Actions.m */,
				35499AC017A8103200400B44 /* MagicalRecord+ErrorHandling.h */,
				35499AC117A8103200400B44 /* MagicalRecord+ErrorHandling.m */,
				35499AC217A8103200400B44 /* MagicalRecord+iCloud.h */,
				35499AC317A8103200400B44 /* MagicalRecord+iCloud.m */,
				35499AC417A8103200400B44 /* MagicalRecord+Options.h */,
				35499AC517A8103200400B44 /* MagicalRecord+Options.m */,
				35499AC617A8103200400B44 /* MagicalRecord+Setup.h */,
				35499AC717A8103200400B44 /* MagicalRecord+Setup.m */,
				35499AC817A8103200400B44 /* MagicalRecord+ShorthandSupport.h */,
				35499AC917A8103200400B44 /* MagicalRecord+ShorthandSupport.m */,
				35499ACA17A8103200400B44 /* MagicalRecord.h */,
				35499ACB17A8103200400B44 /* MagicalRecord.m */,
				35499ACC17A8103200400B44 /* MagicalRecordShorthand.h */,
			);
			path = Core;
			sourceTree = "<group>";
		};
		35CCC79B16F6A3500012D577 = {
			isa = PBXGroup;
			children = (
				35499A9217A8103200400B44 /* MagicalRecord */,
				35758E00171CACF500C35531 /* Icon@2x.png */,
				35758E01171CACF500C35531 /* Icon.png */,
				35758E02171CACF500C35531 /* Icon-72@2x.png */,
				35758E03171CACF500C35531 /* Icon-72.png */,
				39FF33E2171B780E00194084 /* iTunesArtwork.png */,
				35CCC7AD16F6A3500012D577 /* Goban */,
				35CCC7A616F6A3500012D577 /* Frameworks */,
				35CCC7A516F6A3500012D577 /* Products */,
			);
			sourceTree = "<group>";
		};
		35CCC7A516F6A3500012D577 /* Products */ = {
			isa = PBXGroup;
			children = (
				35CCC7A416F6A3500012D577 /* Goban.app */,
			);
			name = Products;
			sourceTree = "<group>";
		};
		35CCC7A616F6A3500012D577 /* Frameworks */ = {
			isa = PBXGroup;
			children = (
				352D6CF11778D91400316232 /* CoreData.framework */,
				35C8733716F7EE6600A828B9 /* QuartzCore.framework */,
				35CCC7A716F6A3500012D577 /* UIKit.framework */,
				35CCC7A916F6A3500012D577 /* Foundation.framework */,
				35CCC7AB16F6A3500012D577 /* CoreGraphics.framework */,
			);
			name = Frameworks;
			sourceTree = "<group>";
		};
		35CCC7AD16F6A3500012D577 /* Goban */ = {
			isa = PBXGroup;
			children = (
				35A65D6A171E2B9000A0A950 /* KGModal.m */,
				35A65D6B171E2B9000A0A950 /* KGModal.h */,
				35C8733916F8197700A828B9 /* Goban.h */,
				35C8733A16F8197700A828B9 /* Goban.m */,
				35C8733C16F8218800A828B9 /* Stone.h */,
				35C8733D16F8218800A828B9 /* Stone.m */,
				35CCC7B616F6A3500012D577 /* AppDelegate.h */,
				35CCC7B716F6A3500012D577 /* AppDelegate.m */,
				35CCC7BF16F6A3500012D577 /* MainStoryboard.storyboard */,
				35E34D1B171774400073B258 /* MainMenuViewController.h */,
				35E34D1C171774400073B258 /* MainMenuViewController.m */,
				35CCC7C216F6A3500012D577 /* GobanViewController.h */,
				35CCC7C316F6A3500012D577 /* GobanViewController.m */,
				35499A0517A7042B00400B44 /* GameRecord.xcdatamodeld */,
				35499A5E17A7066400400B44 /* GameRecord.h */,
				35499A5F17A7066400400B44 /* GameRecord.m */,
				35CCC7AE16F6A3500012D577 /* Supporting Files */,
			);
			path = Goban;
			sourceTree = "<group>";
		};
		35CCC7AE16F6A3500012D577 /* Supporting Files */ = {
			isa = PBXGroup;
			children = (
				35E34D191716A0410073B258 /* whiteStone.png */,
				35E34D171716A0340073B258 /* blackStone.png */,
				35E4640C16FA286A00EBA995 /* Goban.png */,
				35CCC7AF16F6A3500012D577 /* Goban-Info.plist */,
				35CCC7B016F6A3500012D577 /* InfoPlist.strings */,
				35CCC7B316F6A3500012D577 /* main.m */,
				35CCC7B516F6A3500012D577 /* Goban-Prefix.pch */,
				35CCC7B916F6A3500012D577 /* Default.png */,
				35CCC7BB16F6A3500012D577 /* Default@2x.png */,
				35CCC7BD16F6A3500012D577 /* Default-568h@2x.png */,
			);
			name = "Supporting Files";
			sourceTree = "<group>";
		};
/* End PBXGroup section */

/* Begin PBXNativeTarget section */
		35CCC7A316F6A3500012D577 /* Goban */ = {
			isa = PBXNativeTarget;
			buildConfigurationList = 35CCC7C716F6A3500012D577 /* Build configuration list for PBXNativeTarget "Goban" */;
			buildPhases = (
				35CCC7A016F6A3500012D577 /* Sources */,
				35CCC7A116F6A3500012D577 /* Frameworks */,
				35CCC7A216F6A3500012D577 /* Resources */,
			);
			buildRules = (
			);
			dependencies = (
			);
			name = Goban;
			productName = Goban;
			productReference = 35CCC7A416F6A3500012D577 /* Goban.app */;
			productType = "com.apple.product-type.application";
		};
/* End PBXNativeTarget section */

/* Begin PBXProject section */
		35CCC79C16F6A3500012D577 /* Project object */ = {
			isa = PBXProject;
			attributes = {
				CLASSPREFIX = Goban;
				LastUpgradeCheck = 0460;
				ORGANIZATIONNAME = UF.rajwilhoit;
			};
			buildConfigurationList = 35CCC79F16F6A3500012D577 /* Build configuration list for PBXProject "Goban" */;
			compatibilityVersion = "Xcode 3.2";
			developmentRegion = English;
			hasScannedForEncodings = 0;
			knownRegions = (
				en,
			);
			mainGroup = 35CCC79B16F6A3500012D577;
			productRefGroup = 35CCC7A516F6A3500012D577 /* Products */;
			projectDirPath = "";
			projectRoot = "";
			targets = (
				35CCC7A316F6A3500012D577 /* Goban */,
			);
		};
/* End PBXProject section */

/* Begin PBXResourcesBuildPhase section */
		35CCC7A216F6A3500012D577 /* Resources */ = {
			isa = PBXResourcesBuildPhase;
			buildActionMask = 2147483647;
			files = (
				35CCC7B216F6A3500012D577 /* InfoPlist.strings in Resources */,
				35CCC7BA16F6A3500012D577 /* Default.png in Resources */,
				35CCC7BC16F6A3500012D577 /* Default@2x.png in Resources */,
				35CCC7BE16F6A3500012D577 /* Default-568h@2x.png in Resources */,
				35CCC7C116F6A3500012D577 /* MainStoryboard.storyboard in Resources */,
				35E4640D16FA286A00EBA995 /* Goban.png in Resources */,
				35E34D181716A0340073B258 /* blackStone.png in Resources */,
				35E34D1A1716A0410073B258 /* whiteStone.png in Resources */,
				39FF33E3171B780E00194084 /* iTunesArtwork.png in Resources */,
				35758E04171CACF500C35531 /* Icon@2x.png in Resources */,
				35758E05171CACF500C35531 /* Icon.png in Resources */,
				35758E06171CACF500C35531 /* Icon-72@2x.png in Resources */,
				35758E07171CACF500C35531 /* Icon-72.png in Resources */,
			);
			runOnlyForDeploymentPostprocessing = 0;
		};
/* End PBXResourcesBuildPhase section */

/* Begin PBXSourcesBuildPhase section */
		35CCC7A016F6A3500012D577 /* Sources */ = {
			isa = PBXSourcesBuildPhase;
			buildActionMask = 2147483647;
			files = (
				35CCC7B416F6A3500012D577 /* main.m in Sources */,
				35CCC7B816F6A3500012D577 /* AppDelegate.m in Sources */,
				35CCC7C416F6A3500012D577 /* GobanViewController.m in Sources */,
				35C8733B16F8197700A828B9 /* Goban.m in Sources */,
				35C8733E16F8218900A828B9 /* Stone.m in Sources */,
				35E34D1D171774400073B258 /* MainMenuViewController.m in Sources */,
				35A65D6C171E2B9000A0A950 /* KGModal.m in Sources */,
				35499A0717A7042B00400B44 /* GameRecord.xcdatamodeld in Sources */,
				35499A6017A7066400400B44 /* GameRecord.m in Sources */,
				35499ACE17A8103200400B44 /* MagicalImportFunctions.m in Sources */,
				35499ACF17A8103200400B44 /* NSAttributeDescription+MagicalDataImport.m in Sources */,
				35499AD017A8103200400B44 /* NSEntityDescription+MagicalDataImport.m in Sources */,
				35499AD117A8103200400B44 /* NSNumber+MagicalDataImport.m in Sources */,
				35499AD217A8103200400B44 /* NSObject+MagicalDataImport.m in Sources */,
				35499AD317A8103200400B44 /* NSRelationshipDescription+MagicalDataImport.m in Sources */,
				35499AD417A8103200400B44 /* NSString+MagicalDataImport.m in Sources */,
				35499AD517A8103200400B44 /* NSManagedObject+MagicalAggregation.m in Sources */,
				35499AD617A8103200400B44 /* NSManagedObject+MagicalDataImport.m in Sources */,
				35499AD717A8103200400B44 /* NSManagedObject+MagicalFinders.m in Sources */,
				35499AD817A8103200400B44 /* NSManagedObject+MagicalRecord.m in Sources */,
				35499AD917A8103200400B44 /* NSManagedObject+MagicalRequests.m in Sources */,
				35499ADA17A8103200400B44 /* NSManagedObjectContext+MagicalObserving.m in Sources */,
				35499ADB17A8103200400B44 /* NSManagedObjectContext+MagicalRecord.m in Sources */,
				35499ADC17A8103200400B44 /* NSManagedObjectContext+MagicalSaves.m in Sources */,
				35499ADD17A8103200400B44 /* NSManagedObjectContext+MagicalThreading.m in Sources */,
				35499ADE17A8103200400B44 /* NSManagedObjectModel+MagicalRecord.m in Sources */,
				35499ADF17A8103200400B44 /* NSPersistentStore+MagicalRecord.m in Sources */,
				35499AE017A8103200400B44 /* NSPersistentStoreCoordinator+MagicalRecord.m in Sources */,
				35499AE117A8103200400B44 /* MagicalRecord+Actions.m in Sources */,
				35499AE217A8103200400B44 /* MagicalRecord+ErrorHandling.m in Sources */,
				35499AE317A8103200400B44 /* MagicalRecord+iCloud.m in Sources */,
				35499AE417A8103200400B44 /* MagicalRecord+Options.m in Sources */,
				35499AE517A8103200400B44 /* MagicalRecord+Setup.m in Sources */,
				35499AE617A8103200400B44 /* MagicalRecord+ShorthandSupport.m in Sources */,
				35499AE717A8103200400B44 /* MagicalRecord.m in Sources */,
			);
			runOnlyForDeploymentPostprocessing = 0;
		};
/* End PBXSourcesBuildPhase section */

/* Begin PBXVariantGroup section */
		35CCC7B016F6A3500012D577 /* InfoPlist.strings */ = {
			isa = PBXVariantGroup;
			children = (
				35CCC7B116F6A3500012D577 /* en */,
			);
			name = InfoPlist.strings;
			sourceTree = "<group>";
		};
		35CCC7BF16F6A3500012D577 /* MainStoryboard.storyboard */ = {
			isa = PBXVariantGroup;
			children = (
				35CCC7C016F6A3500012D577 /* en */,
			);
			name = MainStoryboard.storyboard;
			sourceTree = "<group>";
		};
/* End PBXVariantGroup section */

/* Begin XCBuildConfiguration section */
		35CCC7C516F6A3500012D577 /* Debug */ = {
			isa = XCBuildConfiguration;
			buildSettings = {
				ALWAYS_SEARCH_USER_PATHS = NO;
				CLANG_CXX_LANGUAGE_STANDARD = "gnu++0x";
				CLANG_CXX_LIBRARY = "libc++";
				CLANG_ENABLE_OBJC_ARC = YES;
				CLANG_WARN_CONSTANT_CONVERSION = YES;
				CLANG_WARN_EMPTY_BODY = YES;
				CLANG_WARN_ENUM_CONVERSION = YES;
				CLANG_WARN_INT_CONVERSION = YES;
				CLANG_WARN__DUPLICATE_METHOD_MATCH = YES;
				"CODE_SIGN_IDENTITY[sdk=iphoneos*]" = "iPhone Developer";
				COPY_PHASE_STRIP = NO;
				GCC_C_LANGUAGE_STANDARD = gnu99;
				GCC_DYNAMIC_NO_PIC = NO;
				GCC_OPTIMIZATION_LEVEL = 0;
				GCC_PREPROCESSOR_DEFINITIONS = (
					"DEBUG=1",
					"$(inherited)",
				);
				GCC_SYMBOLS_PRIVATE_EXTERN = NO;
				GCC_WARN_ABOUT_RETURN_TYPE = YES;
				GCC_WARN_UNINITIALIZED_AUTOS = YES;
				GCC_WARN_UNUSED_VARIABLE = YES;
				IPHONEOS_DEPLOYMENT_TARGET = 9.2;
				ONLY_ACTIVE_ARCH = YES;
				SDKROOT = iphoneos;
				TARGETED_DEVICE_FAMILY = 2;
			};
			name = Debug;
		};
		35CCC7C616F6A3500012D577 /* Release */ = {
			isa = XCBuildConfiguration;
			buildSettings = {
				ALWAYS_SEARCH_USER_PATHS = NO;
				CLANG_CXX_LANGUAGE_STANDARD = "gnu++0x";
				CLANG_CXX_LIBRARY = "libc++";
				CLANG_ENABLE_OBJC_ARC = YES;
				CLANG_WARN_CONSTANT_CONVERSION = YES;
				CLANG_WARN_EMPTY_BODY = YES;
				CLANG_WARN_ENUM_CONVERSION = YES;
				CLANG_WARN_INT_CONVERSION = YES;
				CLANG_WARN__DUPLICATE_METHOD_MATCH = YES;
				"CODE_SIGN_IDENTITY[sdk=iphoneos*]" = "iPhone Developer";
				COPY_PHASE_STRIP = YES;
				GCC_C_LANGUAGE_STANDARD = gnu99;
				GCC_WARN_ABOUT_RETURN_TYPE = YES;
				GCC_WARN_UNINITIALIZED_AUTOS = YES;
				GCC_WARN_UNUSED_VARIABLE = YES;
				IPHONEOS_DEPLOYMENT_TARGET = 9.2;
				OTHER_CFLAGS = "-DNS_BLOCK_ASSERTIONS=1";
				SDKROOT = iphoneos;
				TARGETED_DEVICE_FAMILY = 2;
				VALIDATE_PRODUCT = YES;
			};
			name = Release;
		};
		35CCC7C816F6A3500012D577 /* Debug */ = {
			isa = XCBuildConfiguration;
			buildSettings = {
				GCC_PRECOMPILE_PREFIX_HEADER = YES;
				GCC_PREFIX_HEADER = "Goban/Goban-Prefix.pch";
				INFOPLIST_FILE = "Goban/Goban-Info.plist";
				IPHONEOS_DEPLOYMENT_TARGET = 9.2;
				PRODUCT_BUNDLE_IDENTIFIER = com.rwilhoit.Goban;
				PRODUCT_NAME = "$(TARGET_NAME)";
				WRAPPER_EXTENSION = app;
			};
			name = Debug;
		};
		35CCC7C916F6A3500012D577 /* Release */ = {
			isa = XCBuildConfiguration;
			buildSettings = {
				GCC_PRECOMPILE_PREFIX_HEADER = YES;
				GCC_PREFIX_HEADER = "Goban/Goban-Prefix.pch";
				INFOPLIST_FILE = "Goban/Goban-Info.plist";
				IPHONEOS_DEPLOYMENT_TARGET = 9.2;
				PRODUCT_BUNDLE_IDENTIFIER = com.rwilhoit.Goban;
				PRODUCT_NAME = "$(TARGET_NAME)";
				WRAPPER_EXTENSION = app;
			};
			name = Release;
		};
/* End XCBuildConfiguration section */

/* Begin XCConfigurationList section */
		35CCC79F16F6A3500012D577 /* Build configuration list for PBXProject "Goban" */ = {
			isa = XCConfigurationList;
			buildConfigurations = (
				35CCC7C516F6A3500012D577 /* Debug */,
				35CCC7C616F6A3500012D577 /* Release */,
			);
			defaultConfigurationIsVisible = 0;
			defaultConfigurationName = Release;
		};
		35CCC7C716F6A3500012D577 /* Build configuration list for PBXNativeTarget "Goban" */ = {
			isa = XCConfigurationList;
			buildConfigurations = (
				35CCC7C816F6A3500012D577 /* Debug */,
				35CCC7C916F6A3500012D577 /* Release */,
			);
			defaultConfigurationIsVisible = 0;
			defaultConfigurationName = Release;
		};
/* End XCConfigurationList section */

/* Begin XCVersionGroup section */
		35499A0517A7042B00400B44 /* GameRecord.xcdatamodeld */ = {
			isa = XCVersionGroup;
			children = (
				35499A0617A7042B00400B44 /* GameRecord.xcdatamodel */,
			);
			currentVersion = 35499A0617A7042B00400B44 /* GameRecord.xcdatamodel */;
			path = GameRecord.xcdatamodeld;
			sourceTree = "<group>";
			versionGroupType = wrapper.xcdatamodel;
		};
/* End XCVersionGroup section */
	};
	rootObject = 35CCC79C16F6A3500012D577 /* Project object */;
}
